
Microsoft Visual Studio Solution File, Format Version 12.00
# Visual Studio Version 17
VisualStudioVersion = 17.1.32228.430
MinimumVisualStudioVersion = 10.0.40219.1
Project("{FAE04EC0-301F-11D3-BF4B-00C04F79EFBC}") = "WpfLab10", "WpfLab10\WpfLab10.csproj", "{E5FDD513-F9C0-4D2B-A5C8-73BBC1682DED}"
EndProject
Global
	GlobalSection(SolutionConfigurationPlatforms) = preSolution
		Debug|Any CPU = Debug|Any CPU
		Release|Any CPU = Release|Any CPU
	EndGlobalSection
	GlobalSection(ProjectConfigurationPlatforms) = postSolution
		{E5FDD513-F9C0-4D2B-A5C8-73BBC1682DED}.Debug|Any CPU.ActiveCfg = Debug|Any CPU
		{E5FDD513-F9C0-4D2B-A5C8-73BBC1682DED}.Debug|Any CPU.Build.0 = Debug|Any CPU
		{E5FDD513-F9C0-4D2B-A5C8-73BBC1682DED}.Release|Any CPU.ActiveCfg = Release|Any CPU
		{E5FDD513-F9C0-4D2B-A5C8-73BBC1682DED}.Release|Any CPU.Build.0 = Release|Any CPU
	EndGlobalSection
	GlobalSection(SolutionProperties) = preSolution
		HideSolutionNode = FALSE
	EndGlobalSection
	GlobalSection(ExtensibilityGlobals) = postSolution
		SolutionGuid = {84F33A88-8A7D-418B-8D92-741A7AA328F1}
	EndGlobalSection
EndGlobal
